
Microsoft Visual Studio Solution File, Format Version 12.00
# Visual Studio 15
VisualStudioVersion = 15.0.28307.852
MinimumVisualStudioVersion = 10.0.40219.1
Project("{8BC9CEB8-8B4A-11D0-8D11-00A0C91BC942}") = "LAB_POKEDEX_MARIANAGONZALEZ_1097019", "LAB_POKEDEX_MARIANAGONZALEZ_1097019\LAB_POKEDEX_MARIANAGONZALEZ_1097019.vcxproj", "{91C1684D-700A-4D3B-8574-6893EE65FD05}"
EndProject
Global
	GlobalSection(SolutionConfigurationPlatforms) = preSolution
		Debug|x64 = Debug|x64
		Debug|x86 = Debug|x86
		Release|x64 = Release|x64
		Release|x86 = Release|x86
	EndGlobalSection
	GlobalSection(ProjectConfigurationPlatforms) = postSolution
		{91C1684D-700A-4D3B-8574-6893EE65FD05}.Debug|x64.ActiveCfg = Debug|x64
		{91C1684D-700A-4D3B-8574-6893EE65FD05}.Debug|x64.Build.0 = Debug|x64
		{91C1684D-700A-4D3B-8574-6893EE65FD05}.Debug|x86.ActiveCfg = Debug|Win32
		{91C1684D-700A-4D3B-8574-6893EE65FD05}.Debug|x86.Build.0 = Debug|Win32
		{91C1684D-700A-4D3B-8574-6893EE65FD05}.Release|x64.ActiveCfg = Release|x64
		{91C1684D-700A-4D3B-8574-6893EE65FD05}.Release|x64.Build.0 = Release|x64
		{91C1684D-700A-4D3B-8574-6893EE65FD05}.Release|x86.ActiveCfg = Release|Win32
		{91C1684D-700A-4D3B-8574-6893EE65FD05}.Release|x86.Build.0 = Release|Win32
	EndGlobalSection
	GlobalSection(SolutionProperties) = preSolution
		HideSolutionNode = FALSE
	EndGlobalSection
	GlobalSection(ExtensibilityGlobals) = postSolution
		SolutionGuid = {46B848B5-FC6D-43FF-B389-A9328F6BA280}
	EndGlobalSection
EndGlobal
